
Microsoft Visual Studio Solution File, Format Version 12.00
# Visual Studio Version 17
VisualStudioVersion = 17.0.31919.166
MinimumVisualStudioVersion = 10.0.40219.1
Project("{9A19103F-16F7-4668-BE54-9A1E7A4F7556}") = "ESales.Entity", "ESales.Entity\ESales.Entity.csproj", "{48E82BF8-627C-4930-849E-6E34231A505D}"
EndProject
Project("{2150E333-8FDC-42A3-9474-1A3956D46DE8}") = "Backend", "Backend", "{58FAC66F-10CB-44B0-B003-AC9B24CD0F7A}"
EndProject
Project("{9A19103F-16F7-4668-BE54-9A1E7A4F7556}") = "ESales.DataAccess", "ESales.DataAccess\ESales.DataAccess.csproj", "{6FCD89CE-3D60-4E4F-8AF7-B0AFA4E57340}"
EndProject
Project("{9A19103F-16F7-4668-BE54-9A1E7A4F7556}") = "ESales.Core", "ESales.Core\ESales.Core.csproj", "{804515BB-5343-4521-9E15-4DDCC4718CE6}"
EndProject
Project("{2150E333-8FDC-42A3-9474-1A3956D46DE8}") = "FrontEnd", "FrontEnd", "{A26FCC05-D3DA-466B-B806-4608CD58EBF4}"
EndProject
Project("{9A19103F-16F7-4668-BE54-9A1E7A4F7556}") = "ESales.Business", "ESales.Business\ESales.Business.csproj", "{0FD7ACAD-6035-456D-9B90-3C5303E70079}"
EndProject
Project("{9A19103F-16F7-4668-BE54-9A1E7A4F7556}") = "ESales.API", "ESales.API\ESales.API.csproj", "{600BB9E9-6B74-404C-8384-42D62053BD81}"
EndProject
Project("{9A19103F-16F7-4668-BE54-9A1E7A4F7556}") = "Frontend.Entity", "Frontend.Entity\Frontend.Entity.csproj", "{2CB375E8-1E34-46FE-999A-C150BB9941F7}"
EndProject
Project("{9A19103F-16F7-4668-BE54-9A1E7A4F7556}") = "Frontend.Configurations", "Frontend.Configurations\Frontend.Configurations.csproj", "{DACECD08-0AAF-438D-81C3-49A700CFF976}"
EndProject
Project("{9A19103F-16F7-4668-BE54-9A1E7A4F7556}") = "Frontend.Business", "Frontend.Business\Frontend.Business.csproj", "{1345E11F-8D1D-4AA5-B87E-FCBD843B3A8A}"
EndProject
Project("{9A19103F-16F7-4668-BE54-9A1E7A4F7556}") = "ESales.WebUI", "ESales.WebUI\ESales.WebUI.csproj", "{AA8109BB-895D-4282-9A3F-7B34F0BBDE06}"
EndProject
Global
	GlobalSection(SolutionConfigurationPlatforms) = preSolution
		Debug|Any CPU = Debug|Any CPU
		Release|Any CPU = Release|Any CPU
	EndGlobalSection
	GlobalSection(ProjectConfigurationPlatforms) = postSolution
		{48E82BF8-627C-4930-849E-6E34231A505D}.Debug|Any CPU.ActiveCfg = Debug|Any CPU
		{48E82BF8-627C-4930-849E-6E34231A505D}.Debug|Any CPU.Build.0 = Debug|Any CPU
		{48E82BF8-627C-4930-849E-6E34231A505D}.Release|Any CPU.ActiveCfg = Release|Any CPU
		{48E82BF8-627C-4930-849E-6E34231A505D}.Release|Any CPU.Build.0 = Release|Any CPU
		{6FCD89CE-3D60-4E4F-8AF7-B0AFA4E57340}.Debug|Any CPU.ActiveCfg = Debug|Any CPU
		{6FCD89CE-3D60-4E4F-8AF7-B0AFA4E57340}.Debug|Any CPU.Build.0 = Debug|Any CPU
		{6FCD89CE-3D60-4E4F-8AF7-B0AFA4E57340}.Release|Any CPU.ActiveCfg = Release|Any CPU
		{6FCD89CE-3D60-4E4F-8AF7-B0AFA4E57340}.Release|Any CPU.Build.0 = Release|Any CPU
		{804515BB-5343-4521-9E15-4DDCC4718CE6}.Debug|Any CPU.ActiveCfg = Debug|Any CPU
		{804515BB-5343-4521-9E15-4DDCC4718CE6}.Debug|Any CPU.Build.0 = Debug|Any CPU
		{804515BB-5343-4521-9E15-4DDCC4718CE6}.Release|Any CPU.ActiveCfg = Release|Any CPU
		{804515BB-5343-4521-9E15-4DDCC4718CE6}.Release|Any CPU.Build.0 = Release|Any CPU
		{0FD7ACAD-6035-456D-9B90-3C5303E70079}.Debug|Any CPU.ActiveCfg = Debug|Any CPU
		{0FD7ACAD-6035-456D-9B90-3C5303E70079}.Debug|Any CPU.Build.0 = Debug|Any CPU
		{0FD7ACAD-6035-456D-9B90-3C5303E70079}.Release|Any CPU.ActiveCfg = Release|Any CPU
		{0FD7ACAD-6035-456D-9B90-3C5303E70079}.Release|Any CPU.Build.0 = Release|Any CPU
		{600BB9E9-6B74-404C-8384-42D62053BD81}.Debug|Any CPU.ActiveCfg = Debug|Any CPU
		{600BB9E9-6B74-404C-8384-42D62053BD81}.Debug|Any CPU.Build.0 = Debug|Any CPU
		{600BB9E9-6B74-404C-8384-42D62053BD81}.Release|Any CPU.ActiveCfg = Release|Any CPU
		{600BB9E9-6B74-404C-8384-42D62053BD81}.Release|Any CPU.Build.0 = Release|Any CPU
		{2CB375E8-1E34-46FE-999A-C150BB9941F7}.Debug|Any CPU.ActiveCfg = Debug|Any CPU
		{2CB375E8-1E34-46FE-999A-C150BB9941F7}.Debug|Any CPU.Build.0 = Debug|Any CPU
		{2CB375E8-1E34-46FE-999A-C150BB9941F7}.Release|Any CPU.ActiveCfg = Release|Any CPU
		{2CB375E8-1E34-46FE-999A-C150BB9941F7}.Release|Any CPU.Build.0 = Release|Any CPU
		{DACECD08-0AAF-438D-81C3-49A700CFF976}.Debug|Any CPU.ActiveCfg = Debug|Any CPU
		{DACECD08-0AAF-438D-81C3-49A700CFF976}.Debug|Any CPU.Build.0 = Debug|Any CPU
		{DACECD08-0AAF-438D-81C3-49A700CFF976}.Release|Any CPU.ActiveCfg = Release|Any CPU
		{DACECD08-0AAF-438D-81C3-49A700CFF976}.Release|Any CPU.Build.0 = Release|Any CPU
		{1345E11F-8D1D-4AA5-B87E-FCBD843B3A8A}.Debug|Any CPU.ActiveCfg = Debug|Any CPU
		{1345E11F-8D1D-4AA5-B87E-FCBD843B3A8A}.Debug|Any CPU.Build.0 = Debug|Any CPU
		{1345E11F-8D1D-4AA5-B87E-FCBD843B3A8A}.Release|Any CPU.ActiveCfg = Release|Any CPU
		{1345E11F-8D1D-4AA5-B87E-FCBD843B3A8A}.Release|Any CPU.Build.0 = Release|Any CPU
		{AA8109BB-895D-4282-9A3F-7B34F0BBDE06}.Debug|Any CPU.ActiveCfg = Debug|Any CPU
		{AA8109BB-895D-4282-9A3F-7B34F0BBDE06}.Debug|Any CPU.Build.0 = Debug|Any CPU
		{AA8109BB-895D-4282-9A3F-7B34F0BBDE06}.Release|Any CPU.ActiveCfg = Release|Any CPU
		{AA8109BB-895D-4282-9A3F-7B34F0BBDE06}.Release|Any CPU.Build.0 = Release|Any CPU
	EndGlobalSection
	GlobalSection(SolutionProperties) = preSolution
		HideSolutionNode = FALSE
	EndGlobalSection
	GlobalSection(NestedProjects) = preSolution
		{48E82BF8-627C-4930-849E-6E34231A505D} = {58FAC66F-10CB-44B0-B003-AC9B24CD0F7A}
		{6FCD89CE-3D60-4E4F-8AF7-B0AFA4E57340} = {58FAC66F-10CB-44B0-B003-AC9B24CD0F7A}
		{804515BB-5343-4521-9E15-4DDCC4718CE6} = {58FAC66F-10CB-44B0-B003-AC9B24CD0F7A}
		{0FD7ACAD-6035-456D-9B90-3C5303E70079} = {58FAC66F-10CB-44B0-B003-AC9B24CD0F7A}
		{600BB9E9-6B74-404C-8384-42D62053BD81} = {58FAC66F-10CB-44B0-B003-AC9B24CD0F7A}
		{2CB375E8-1E34-46FE-999A-C150BB9941F7} = {A26FCC05-D3DA-466B-B806-4608CD58EBF4}
		{DACECD08-0AAF-438D-81C3-49A700CFF976} = {A26FCC05-D3DA-466B-B806-4608CD58EBF4}
		{1345E11F-8D1D-4AA5-B87E-FCBD843B3A8A} = {A26FCC05-D3DA-466B-B806-4608CD58EBF4}
		{AA8109BB-895D-4282-9A3F-7B34F0BBDE06} = {A26FCC05-D3DA-466B-B806-4608CD58EBF4}
	EndGlobalSection
	GlobalSection(ExtensibilityGlobals) = postSolution
		SolutionGuid = {060CD865-945C-4456-973F-D5F96E7E3AA3}
	EndGlobalSection
EndGlobal
